
Microsoft Visual Studio Solution File, Format Version 12.00
# Visual Studio Version 17
VisualStudioVersion = 17.5.33627.172
MinimumVisualStudioVersion = 10.0.40219.1
Project("{9A19103F-16F7-4668-BE54-9A1E7A4F7556}") = "Otympics", "Otympics\Otympics.csproj", "{F609DD72-3310-43AE-955B-DFDC171401E6}"
EndProject
Global
	GlobalSection(SolutionConfigurationPlatforms) = preSolution
		Debug|Any CPU = Debug|Any CPU
		Release|Any CPU = Release|Any CPU
	EndGlobalSection
	GlobalSection(ProjectConfigurationPlatforms) = postSolution
		{F609DD72-3310-43AE-955B-DFDC171401E6}.Debug|Any CPU.ActiveCfg = Debug|Any CPU
		{F609DD72-3310-43AE-955B-DFDC171401E6}.Debug|Any CPU.Build.0 = Debug|Any CPU
		{F609DD72-3310-43AE-955B-DFDC171401E6}.Release|Any CPU.ActiveCfg = Release|Any CPU
		{F609DD72-3310-43AE-955B-DFDC171401E6}.Release|Any CPU.Build.0 = Release|Any CPU
	EndGlobalSection
	GlobalSection(SolutionProperties) = preSolution
		HideSolutionNode = FALSE
	EndGlobalSection
	GlobalSection(ExtensibilityGlobals) = postSolution
		SolutionGuid = {7F716406-91EE-4004-9C8E-6024D5BD2CDC}
	EndGlobalSection
EndGlobal
